
Microsoft Visual Studio Solution File, Format Version 12.00
# Visual Studio Version 17
VisualStudioVersion = 17.3.32929.385
MinimumVisualStudioVersion = 10.0.40219.1
Project("{9A19103F-16F7-4668-BE54-9A1E7A4F7556}") = "Deadfish", "Deadfish\Deadfish.csproj", "{C413BB5B-84DA-4C5A-A8A0-2D152C120E9E}"
EndProject
Project("{FAE04EC0-301F-11D3-BF4B-00C04F79EFBC}") = "WhichAreIn", "WhichAreIn\WhichAreIn.csproj", "{0E05E5E8-3398-48E5-8890-D022EFAB9763}"
EndProject
Project("{FAE04EC0-301F-11D3-BF4B-00C04F79EFBC}") = "LetterTriangles", "LetterTriangles\LetterTriangles.csproj", "{2CAA4B8C-C434-4838-AD37-A7800972405E}"
EndProject
Project("{FAE04EC0-301F-11D3-BF4B-00C04F79EFBC}") = "EvenFibSum", "EvenFibSum\EvenFibSum.csproj", "{DB1F75B7-58FE-4CFB-AE8F-775AD875E407}"
EndProject
Project("{FAE04EC0-301F-11D3-BF4B-00C04F79EFBC}") = "NextSmallerPronic", "NextSmallerPronic\NextSmallerPronic.csproj", "{AAC006AE-B438-4ABA-A6EB-1E15392350F9}"
EndProject
Project("{FAE04EC0-301F-11D3-BF4B-00C04F79EFBC}") = "LastSurvivor2", "LastSurvivor2\LastSurvivor2.csproj", "{D2569CD4-9C7C-4AEF-9971-08CE2C7ED60C}"
EndProject
Global
	GlobalSection(SolutionConfigurationPlatforms) = preSolution
		Debug|Any CPU = Debug|Any CPU
		Release|Any CPU = Release|Any CPU
	EndGlobalSection
	GlobalSection(ProjectConfigurationPlatforms) = postSolution
		{C413BB5B-84DA-4C5A-A8A0-2D152C120E9E}.Debug|Any CPU.ActiveCfg = Debug|Any CPU
		{C413BB5B-84DA-4C5A-A8A0-2D152C120E9E}.Debug|Any CPU.Build.0 = Debug|Any CPU
		{C413BB5B-84DA-4C5A-A8A0-2D152C120E9E}.Release|Any CPU.ActiveCfg = Release|Any CPU
		{C413BB5B-84DA-4C5A-A8A0-2D152C120E9E}.Release|Any CPU.Build.0 = Release|Any CPU
		{0E05E5E8-3398-48E5-8890-D022EFAB9763}.Debug|Any CPU.ActiveCfg = Debug|Any CPU
		{0E05E5E8-3398-48E5-8890-D022EFAB9763}.Debug|Any CPU.Build.0 = Debug|Any CPU
		{0E05E5E8-3398-48E5-8890-D022EFAB9763}.Release|Any CPU.ActiveCfg = Release|Any CPU
		{0E05E5E8-3398-48E5-8890-D022EFAB9763}.Release|Any CPU.Build.0 = Release|Any CPU
		{2CAA4B8C-C434-4838-AD37-A7800972405E}.Debug|Any CPU.ActiveCfg = Debug|Any CPU
		{2CAA4B8C-C434-4838-AD37-A7800972405E}.Debug|Any CPU.Build.0 = Debug|Any CPU
		{2CAA4B8C-C434-4838-AD37-A7800972405E}.Release|Any CPU.ActiveCfg = Release|Any CPU
		{2CAA4B8C-C434-4838-AD37-A7800972405E}.Release|Any CPU.Build.0 = Release|Any CPU
		{DB1F75B7-58FE-4CFB-AE8F-775AD875E407}.Debug|Any CPU.ActiveCfg = Debug|Any CPU
		{DB1F75B7-58FE-4CFB-AE8F-775AD875E407}.Debug|Any CPU.Build.0 = Debug|Any CPU
		{DB1F75B7-58FE-4CFB-AE8F-775AD875E407}.Release|Any CPU.ActiveCfg = Release|Any CPU
		{DB1F75B7-58FE-4CFB-AE8F-775AD875E407}.Release|Any CPU.Build.0 = Release|Any CPU
		{AAC006AE-B438-4ABA-A6EB-1E15392350F9}.Debug|Any CPU.ActiveCfg = Debug|Any CPU
		{AAC006AE-B438-4ABA-A6EB-1E15392350F9}.Debug|Any CPU.Build.0 = Debug|Any CPU
		{AAC006AE-B438-4ABA-A6EB-1E15392350F9}.Release|Any CPU.ActiveCfg = Release|Any CPU
		{AAC006AE-B438-4ABA-A6EB-1E15392350F9}.Release|Any CPU.Build.0 = Release|Any CPU
		{D2569CD4-9C7C-4AEF-9971-08CE2C7ED60C}.Debug|Any CPU.ActiveCfg = Debug|Any CPU
		{D2569CD4-9C7C-4AEF-9971-08CE2C7ED60C}.Debug|Any CPU.Build.0 = Debug|Any CPU
		{D2569CD4-9C7C-4AEF-9971-08CE2C7ED60C}.Release|Any CPU.ActiveCfg = Release|Any CPU
		{D2569CD4-9C7C-4AEF-9971-08CE2C7ED60C}.Release|Any CPU.Build.0 = Release|Any CPU
	EndGlobalSection
	GlobalSection(SolutionProperties) = preSolution
		HideSolutionNode = FALSE
	EndGlobalSection
	GlobalSection(ExtensibilityGlobals) = postSolution
		SolutionGuid = {527490B0-9230-497E-8A39-96B94F49B11E}
	EndGlobalSection
EndGlobal
