
Microsoft Visual Studio Solution File, Format Version 12.00
# Visual Studio Version 17
VisualStudioVersion = 17.3.32929.385
MinimumVisualStudioVersion = 10.0.40219.1
Project("{9A19103F-16F7-4668-BE54-9A1E7A4F7556}") = "Deadfish", "Deadfish\Deadfish.csproj", "{C413BB5B-84DA-4C5A-A8A0-2D152C120E9E}"
EndProject
Project("{9A19103F-16F7-4668-BE54-9A1E7A4F7556}") = "WhichAreIn", "WhichAreIn\WhichAreIn.csproj", "{0E05E5E8-3398-48E5-8890-D022EFAB9763}"
EndProject
Project("{FAE04EC0-301F-11D3-BF4B-00C04F79EFBC}") = "LongestConsecutive", "LongestConsecutive\LongestConsecutive.csproj", "{090A7AC6-79C8-438E-BCD4-E47A21B0C564}"
EndProject
Global
	GlobalSection(SolutionConfigurationPlatforms) = preSolution
		Debug|Any CPU = Debug|Any CPU
		Release|Any CPU = Release|Any CPU
	EndGlobalSection
	GlobalSection(ProjectConfigurationPlatforms) = postSolution
		{C413BB5B-84DA-4C5A-A8A0-2D152C120E9E}.Debug|Any CPU.ActiveCfg = Debug|Any CPU
		{C413BB5B-84DA-4C5A-A8A0-2D152C120E9E}.Debug|Any CPU.Build.0 = Debug|Any CPU
		{C413BB5B-84DA-4C5A-A8A0-2D152C120E9E}.Release|Any CPU.ActiveCfg = Release|Any CPU
		{C413BB5B-84DA-4C5A-A8A0-2D152C120E9E}.Release|Any CPU.Build.0 = Release|Any CPU
		{0E05E5E8-3398-48E5-8890-D022EFAB9763}.Debug|Any CPU.ActiveCfg = Debug|Any CPU
		{0E05E5E8-3398-48E5-8890-D022EFAB9763}.Debug|Any CPU.Build.0 = Debug|Any CPU
		{0E05E5E8-3398-48E5-8890-D022EFAB9763}.Release|Any CPU.ActiveCfg = Release|Any CPU
		{0E05E5E8-3398-48E5-8890-D022EFAB9763}.Release|Any CPU.Build.0 = Release|Any CPU
		{090A7AC6-79C8-438E-BCD4-E47A21B0C564}.Debug|Any CPU.ActiveCfg = Debug|Any CPU
		{090A7AC6-79C8-438E-BCD4-E47A21B0C564}.Debug|Any CPU.Build.0 = Debug|Any CPU
		{090A7AC6-79C8-438E-BCD4-E47A21B0C564}.Release|Any CPU.ActiveCfg = Release|Any CPU
		{090A7AC6-79C8-438E-BCD4-E47A21B0C564}.Release|Any CPU.Build.0 = Release|Any CPU
	EndGlobalSection
	GlobalSection(SolutionProperties) = preSolution
		HideSolutionNode = FALSE
	EndGlobalSection
	GlobalSection(ExtensibilityGlobals) = postSolution
		SolutionGuid = {527490B0-9230-497E-8A39-96B94F49B11E}
	EndGlobalSection
EndGlobal
