
Microsoft Visual Studio Solution File, Format Version 12.00
# Visual Studio Version 17
VisualStudioVersion = 17.0.31903.59
MinimumVisualStudioVersion = 10.0.40219.1
Project("{FAE04EC0-301F-11D3-BF4B-00C04F79EFBC}") = "Program8_1", "Program8_1\Program8_1.csproj", "{6E255D84-AAF7-4189-9D3E-6248B355AE5C}"
EndProject
Project("{FAE04EC0-301F-11D3-BF4B-00C04F79EFBC}") = "Program8_2", "Program8_2\Program8_2.csproj", "{EC72B02F-4108-4D2C-BC1C-EA4D76771B7E}"
EndProject
Global
	GlobalSection(SolutionConfigurationPlatforms) = preSolution
		Debug|Any CPU = Debug|Any CPU
		Release|Any CPU = Release|Any CPU
	EndGlobalSection
	GlobalSection(SolutionProperties) = preSolution
		HideSolutionNode = FALSE
	EndGlobalSection
	GlobalSection(ProjectConfigurationPlatforms) = postSolution
		{6E255D84-AAF7-4189-9D3E-6248B355AE5C}.Debug|Any CPU.ActiveCfg = Debug|Any CPU
		{6E255D84-AAF7-4189-9D3E-6248B355AE5C}.Debug|Any CPU.Build.0 = Debug|Any CPU
		{6E255D84-AAF7-4189-9D3E-6248B355AE5C}.Release|Any CPU.ActiveCfg = Release|Any CPU
		{6E255D84-AAF7-4189-9D3E-6248B355AE5C}.Release|Any CPU.Build.0 = Release|Any CPU
		{EC72B02F-4108-4D2C-BC1C-EA4D76771B7E}.Debug|Any CPU.ActiveCfg = Debug|Any CPU
		{EC72B02F-4108-4D2C-BC1C-EA4D76771B7E}.Debug|Any CPU.Build.0 = Debug|Any CPU
		{EC72B02F-4108-4D2C-BC1C-EA4D76771B7E}.Release|Any CPU.ActiveCfg = Release|Any CPU
		{EC72B02F-4108-4D2C-BC1C-EA4D76771B7E}.Release|Any CPU.Build.0 = Release|Any CPU
	EndGlobalSection
EndGlobal
